<?xml version="1.0" encoding="utf-8"?>
<Project ToolsVersion="4.0" xmlns="http://schemas.microsoft.com/developer/msbuild/2003">
  <ItemGroup>
    <Filter Include="Source Files">
      <UniqueIdentifier>{4FC737F1-C7A5-4376-A066-2A32D752A2FF}</UniqueIdentifier>
      <Extensions>cpp;c;cc;cxx;c++;cppm;ixx;def;odl;idl;hpj;bat;asm;asmx;h;hh;hpp;hxx;h++;hm;inl;inc;ipp;xsd</Extensions>
    </Filter>
    <Filter Include="Resource Files">
      <UniqueIdentifier>{67DA6AB6-F800-4c08-8B7A-83BB121AAD01}</UniqueIdentifier>
      <Extensions>rc;ico;cur;bmp;dlg;rc2;rct;bin;rgs;gif;jpg;jpeg;jpe;resx;tiff;tif;png;wav;mfcribbon-ms</Extensions>
    </Filter>
    <Filter Include="Source Files\Generated">
      <UniqueIdentifier>{aa84c8fc-4ea7-41e1-b34a-de80efd36b47}</UniqueIdentifier>
    </Filter>
    <Filter Include="Source Files\Types">
      <UniqueIdentifier>{35e28af9-6125-45e3-b916-16f2540c8781}</UniqueIdentifier>
    </Filter>
  </ItemGroup>
  <ItemGroup>
    <ClInclude Include="ISD_Types.h">
      <Filter>Source Files</Filter>
    </ClInclude>
    <ClInclude Include="ISD.h">
      <Filter>Source Files</Filter>
    </ClInclude>
    <ClInclude Include="ISD_MemoryReadStream.h">
      <Filter>Source Files</Filter>
    </ClInclude>
    <ClInclude Include="ISD_MemoryWriteStream.h">
      <Filter>Source Files</Filter>
    </ClInclude>
    <ClInclude Include="ISD_SHA256.h">
      <Filter>Source Files</Filter>
    </ClInclude>
    <ClInclude Include="ISD_PacketSerializer.h">
      <Filter>Source Files</Filter>
    </ClInclude>
    <ClInclude Include="ISD_Log.h">
      <Filter>Source Files</Filter>
    </ClInclude>
    <ClInclude Include="ISD_DataTypes.h">
      <Filter>Source Files</Filter>
    </ClInclude>
    <ClInclude Include="ISD_EntityWriter.h">
      <Filter>Source Files</Filter>
    </ClInclude>
    <ClInclude Include="ISD_DataValuePointers.h">
      <Filter>Source Files</Filter>
    </ClInclude>
    <ClInclude Include="ISD_EntityReader.h">
      <Filter>Source Files</Filter>
    </ClInclude>
    <ClInclude Include="ISD_Dictionary.h">
      <Filter>Source Files</Filter>
    </ClInclude>
    <ClInclude Include="ISD_DirectedGraph.h">
      <Filter>Source Files</Filter>
    </ClInclude>
    <ClInclude Include="ISD_EntityValidator.h">
      <Filter>Source Files</Filter>
    </ClInclude>
    <ClInclude Include="ISD_SceneLayer.h">
      <Filter>Source Files\Generated</Filter>
    </ClInclude>
    <ClInclude Include="ISD_SceneMesh.h">
      <Filter>Source Files\Generated</Filter>
    </ClInclude>
    <ClInclude Include="ISD_SceneNode.h">
      <Filter>Source Files\Generated</Filter>
    </ClInclude>
    <ClInclude Include="ISD_optional_value.h">
      <Filter>Source Files\Types</Filter>
    </ClInclude>
    <ClInclude Include="ISD_optional_vector.h">
      <Filter>Source Files\Types</Filter>
    </ClInclude>
    <ClInclude Include="ISD_idx_vector.h">
      <Filter>Source Files\Types</Filter>
    </ClInclude>
    <ClInclude Include="ISD_optional_idx_vector.h">
      <Filter>Source Files\Types</Filter>
    </ClInclude>
    <ClInclude Include="ISD_thread_safe_map.h">
      <Filter>Source Files\Types</Filter>
    </ClInclude>
    <ClInclude Include="ISD_entity_ref.h">
      <Filter>Source Files\Types</Filter>
    </ClInclude>
    <ClInclude Include="ISD_package_ref.h">
      <Filter>Source Files\Types</Filter>
    </ClInclude>
  </ItemGroup>
  <ItemGroup>
    <ClCompile Include="ISD.cpp">
      <Filter>Source Files</Filter>
    </ClCompile>
    <ClCompile Include="ISD_Types.cpp">
      <Filter>Source Files</Filter>
    </ClCompile>
    <ClCompile Include="ISD_SHA256.cpp">
      <Filter>Source Files</Filter>
    </ClCompile>
    <ClCompile Include="ISD_PacketSerializer.cpp">
      <Filter>Source Files</Filter>
    </ClCompile>
    <ClCompile Include="ISD_EntityWriter.cpp">
      <Filter>Source Files</Filter>
    </ClCompile>
    <ClCompile Include="ISD_DataTypes.cpp">
      <Filter>Source Files</Filter>
    </ClCompile>
    <ClCompile Include="ISD_EntityReader.cpp">
      <Filter>Source Files</Filter>
    </ClCompile>
    <ClCompile Include="ISD_SceneLayer.cpp">
      <Filter>Source Files\Generated</Filter>
    </ClCompile>
    <ClCompile Include="ISD_SceneMesh.cpp">
      <Filter>Source Files\Generated</Filter>
    </ClCompile>
    <ClCompile Include="ISD_SceneNode.cpp">
      <Filter>Source Files\Generated</Filter>
    </ClCompile>
  </ItemGroup>
  <ItemGroup>
    <None Include="ISD_EntityWriterTemplates.inl">
      <Filter>Source Files</Filter>
    </None>
    <None Include="ISD_EntityReaderTemplates.inl">
      <Filter>Source Files</Filter>
    </None>
  </ItemGroup>
</Project>